# THIS IS AN AUTOGENERATED FILE. DO NOT EDIT THIS FILE DIRECTLY.
# yarn lockfile v1


argparse@^1.0.7:
  version "1.0.10"
  resolved "https://registry.yarnpkg.com/argparse/-/argparse-1.0.10.tgz#bcd6791ea5ae09725e17e5ad988134cd40b3d911"
  dependencies:
    sprintf-js "~1.0.2"

clipboard@^2.0.0:
  version "2.0.4"
  resolved "https://registry.yarnpkg.com/clipboard/-/clipboard-2.0.4.tgz#836dafd66cf0fea5d71ce5d5b0bf6e958009112d"
  dependencies:
    good-listener "^1.2.2"
    select "^1.1.2"
    tiny-emitter "^2.0.0"

delegate@^3.1.2:
  version "3.2.0"
  resolved "https://registry.yarnpkg.com/delegate/-/delegate-3.2.0.tgz#b66b71c3158522e8ab5744f720d8ca0c2af59166"

dom-serializer@0:
  version "0.1.1"
  resolved "https://registry.yarnpkg.com/dom-serializer/-/dom-serializer-0.1.1.tgz#1ec4059e284babed36eec2941d4a970a189ce7c0"
  dependencies:
    domelementtype "^1.3.0"
    entities "^1.1.1"

domelementtype@1, domelementtype@^1.3.0, domelementtype@^1.3.1:
  version "1.3.1"
  resolved "https://registry.yarnpkg.com/domelementtype/-/domelementtype-1.3.1.tgz#d048c44b37b0d10a7f2a3d5fee3f4333d790481f"

domhandler@^2.3.0:
  version "2.4.2"
  resolved "https://registry.yarnpkg.com/domhandler/-/domhandler-2.4.2.tgz#8805097e933d65e85546f726d60f5eb88b44f803"
  dependencies:
    domelementtype "1"

domutils@^1.5.1:
  version "1.7.0"
  resolved "https://registry.yarnpkg.com/domutils/-/domutils-1.7.0.tgz#56ea341e834e06e6748af7a1cb25da67ea9f8c2a"
  dependencies:
    dom-serializer "0"
    domelementtype "1"

entities@^1.1.1, entities@~1.1.1:
  version "1.1.2"
  resolved "https://registry.yarnpkg.com/entities/-/entities-1.1.2.tgz#bdfa735299664dfafd34529ed4f8522a275fea56"

esm@^3.0.28:
  version "3.2.22"
  resolved "https://registry.yarnpkg.com/esm/-/esm-3.2.22.tgz#5062c2e22fee3ccfee4e8f20da768330da90d6e3"

good-listener@^1.2.2:
  version "1.2.2"
  resolved "https://registry.yarnpkg.com/good-listener/-/good-listener-1.2.2.tgz#d53b30cdf9313dffb7dc9a0d477096aa6d145c50"
  dependencies:
    delegate "^3.1.2"

highlight.js@^9.15.6:
  version "9.15.6"
  resolved "https://registry.yarnpkg.com/highlight.js/-/highlight.js-9.15.6.tgz#72d4d8d779ec066af9a17cb14360c3def0aa57c4"

htmlparser2@^3.10.1:
  version "3.10.1"
  resolved "https://registry.yarnpkg.com/htmlparser2/-/htmlparser2-3.10.1.tgz#bd679dc3f59897b6a34bb10749c855bb53a9392f"
  dependencies:
    domelementtype "^1.3.1"
    domhandler "^2.3.0"
    domutils "^1.5.1"
    entities "^1.1.1"
    inherits "^2.0.1"
    readable-stream "^3.1.1"

inherits@^2.0.1, inherits@^2.0.3:
  version "2.0.3"
  resolved "https://registry.yarnpkg.com/inherits/-/inherits-2.0.3.tgz#633c2c83e3da42a502f52466022480f4208261de"

linkify-it@^2.0.0:
  version "2.1.0"
  resolved "https://registry.yarnpkg.com/linkify-it/-/linkify-it-2.1.0.tgz#c4caf38a6cd7ac2212ef3c7d2bde30a91561f9db"
  dependencies:
    uc.micro "^1.0.1"

markdown-it-footnote@^3.0.1:
  version "3.0.1"
  resolved "https://registry.yarnpkg.com/markdown-it-footnote/-/markdown-it-footnote-3.0.1.tgz#7f3730747cacc86e2fe0bf8a17a710f34791517a"

markdown-it@^8.4.2:
  version "8.4.2"
  resolved "https://registry.yarnpkg.com/markdown-it/-/markdown-it-8.4.2.tgz#386f98998dc15a37722aa7722084f4020bdd9b54"
  dependencies:
    argparse "^1.0.7"
    entities "~1.1.1"
    linkify-it "^2.0.0"
    mdurl "^1.0.1"
    uc.micro "^1.0.5"

mdurl@^1.0.1:
  version "1.0.1"
  resolved "https://registry.yarnpkg.com/mdurl/-/mdurl-1.0.1.tgz#fe85b2ec75a59037f2adfec100fd6c601761152e"

prismjs@^1.16.0:
  version "1.16.0"
  resolved "https://registry.yarnpkg.com/prismjs/-/prismjs-1.16.0.tgz#406eb2c8aacb0f5f0f1167930cb83835d10a4308"
  optionalDependencies:
    clipboard "^2.0.0"

readable-stream@^3.1.1:
  version "3.3.0"
  resolved "https://registry.yarnpkg.com/readable-stream/-/readable-stream-3.3.0.tgz#cb8011aad002eb717bf040291feba8569c986fb9"
  dependencies:
    inherits "^2.0.3"
    string_decoder "^1.1.1"
    util-deprecate "^1.0.1"

rescript@^9.1.3:
  version "9.1.3"
  resolved "https://registry.yarnpkg.com/rescript/-/rescript-9.1.3.tgz#1a0f41342acd8dc4e26fd1782d0997b8a7577698"

safe-buffer@~5.1.0:
  version "5.1.2"
  resolved "https://registry.yarnpkg.com/safe-buffer/-/safe-buffer-5.1.2.tgz#991ec69d296e0313747d59bdfd2b745c35f8828d"

select@^1.1.2:
  version "1.1.2"
  resolved "https://registry.yarnpkg.com/select/-/select-1.1.2.tgz#0e7350acdec80b1108528786ec1d4418d11b396d"

slug@^1.1.0:
  version "1.1.0"
  resolved "https://registry.yarnpkg.com/slug/-/slug-1.1.0.tgz#73eef5710416f515077bdf70c683bde4915913c9"
  dependencies:
    unicode ">= 0.3.1"

snudown-js@^3.1.5:
  version "3.1.5"
  resolved "https://registry.yarnpkg.com/snudown-js/-/snudown-js-3.1.5.tgz#8c27fff3431a8d65c652dac2226d589cbce04b71"
  dependencies:
    esm "^3.0.28"

sprintf-js@~1.0.2:
  version "1.0.3"
  resolved "https://registry.yarnpkg.com/sprintf-js/-/sprintf-js-1.0.3.tgz#04e6926f662895354f3dd015203633b857297e2c"

string_decoder@^1.1.1:
  version "1.2.0"
  resolved "https://registry.yarnpkg.com/string_decoder/-/string_decoder-1.2.0.tgz#fe86e738b19544afe70469243b2a1ee9240eae8d"
  dependencies:
    safe-buffer "~5.1.0"

tiny-emitter@^2.0.0:
  version "2.1.0"
  resolved "https://registry.yarnpkg.com/tiny-emitter/-/tiny-emitter-2.1.0.tgz#1d1a56edfc51c43e863cbb5382a72330e3555423"

uc.micro@^1.0.1, uc.micro@^1.0.5:
  version "1.0.6"
  resolved "https://registry.yarnpkg.com/uc.micro/-/uc.micro-1.0.6.tgz#9c411a802a409a91fc6cf74081baba34b24499ac"

"unicode@>= 0.3.1":
  version "11.0.1"
  resolved "https://registry.yarnpkg.com/unicode/-/unicode-11.0.1.tgz#735bd422ec75cf28d396eb224d535d168d5f1db6"

util-deprecate@^1.0.1:
  version "1.0.2"
  resolved "https://registry.yarnpkg.com/util-deprecate/-/util-deprecate-1.0.2.tgz#450d4dc9fa70de732762fbd2d4a28981419a0ccf"
